
Microsoft Visual Studio Solution File, Format Version 12.00
# Visual Studio 15
VisualStudioVersion = 15.0.27703.2026
MinimumVisualStudioVersion = 10.0.40219.1
Project("{FAE04EC0-301F-11D3-BF4B-00C04F79EFBC}") = "FollowersApp", "FollowersApp\FollowersApp.csproj", "{80710599-A576-4B2B-9DA5-D78844CB118A}"
EndProject
Project("{FAE04EC0-301F-11D3-BF4B-00C04F79EFBC}") = "DAL", "DAL\DAL.csproj", "{F66479A5-3CCB-40CC-8CFF-BC6DE2DC2FB2}"
EndProject
Project("{FAE04EC0-301F-11D3-BF4B-00C04F79EFBC}") = "Entities", "Entities\Entities.csproj", "{E77B8828-6A48-4951-B3EF-FCD344F263A3}"
EndProject
Project("{FAE04EC0-301F-11D3-BF4B-00C04F79EFBC}") = "Business", "Business\Business.csproj", "{A1BDD9A6-8EFE-40C1-9036-D04C8299C92A}"
EndProject
Global
	GlobalSection(SolutionConfigurationPlatforms) = preSolution
		Debug|Any CPU = Debug|Any CPU
		Release|Any CPU = Release|Any CPU
	EndGlobalSection
	GlobalSection(ProjectConfigurationPlatforms) = postSolution
		{80710599-A576-4B2B-9DA5-D78844CB118A}.Debug|Any CPU.ActiveCfg = Debug|Any CPU
		{80710599-A576-4B2B-9DA5-D78844CB118A}.Debug|Any CPU.Build.0 = Debug|Any CPU
		{80710599-A576-4B2B-9DA5-D78844CB118A}.Release|Any CPU.ActiveCfg = Release|Any CPU
		{80710599-A576-4B2B-9DA5-D78844CB118A}.Release|Any CPU.Build.0 = Release|Any CPU
		{F66479A5-3CCB-40CC-8CFF-BC6DE2DC2FB2}.Debug|Any CPU.ActiveCfg = Debug|Any CPU
		{F66479A5-3CCB-40CC-8CFF-BC6DE2DC2FB2}.Debug|Any CPU.Build.0 = Debug|Any CPU
		{F66479A5-3CCB-40CC-8CFF-BC6DE2DC2FB2}.Release|Any CPU.ActiveCfg = Release|Any CPU
		{F66479A5-3CCB-40CC-8CFF-BC6DE2DC2FB2}.Release|Any CPU.Build.0 = Release|Any CPU
		{E77B8828-6A48-4951-B3EF-FCD344F263A3}.Debug|Any CPU.ActiveCfg = Debug|Any CPU
		{E77B8828-6A48-4951-B3EF-FCD344F263A3}.Debug|Any CPU.Build.0 = Debug|Any CPU
		{E77B8828-6A48-4951-B3EF-FCD344F263A3}.Release|Any CPU.ActiveCfg = Release|Any CPU
		{E77B8828-6A48-4951-B3EF-FCD344F263A3}.Release|Any CPU.Build.0 = Release|Any CPU
		{A1BDD9A6-8EFE-40C1-9036-D04C8299C92A}.Debug|Any CPU.ActiveCfg = Debug|Any CPU
		{A1BDD9A6-8EFE-40C1-9036-D04C8299C92A}.Debug|Any CPU.Build.0 = Debug|Any CPU
		{A1BDD9A6-8EFE-40C1-9036-D04C8299C92A}.Release|Any CPU.ActiveCfg = Release|Any CPU
		{A1BDD9A6-8EFE-40C1-9036-D04C8299C92A}.Release|Any CPU.Build.0 = Release|Any CPU
	EndGlobalSection
	GlobalSection(SolutionProperties) = preSolution
		HideSolutionNode = FALSE
	EndGlobalSection
	GlobalSection(ExtensibilityGlobals) = postSolution
		SolutionGuid = {4829C86D-008F-4CA5-A4DC-36088B9256F1}
	EndGlobalSection
EndGlobal
